{
  "name": "sweetalert2",
  "lockfileVersion": 2,
  "requires": true,
  "packages": {
    "": {
      "dependencies": {
        "sweetalert2": "^11.3.2"
      }
    },
    "node_modules/sweetalert2": {
      "version": "11.3.2",
      "resolved": "https://registry.npmjs.org/sweetalert2/-/sweetalert2-11.3.2.tgz",
      "integrity": "sha512-V2JjWX/WHIZKJwirFrH9bFCHUaQlOGPHtciLWmX8sbrnJwLwQXTReJt1a4g+0YERbfjl5aSR+Vvmj6yNPNXZ5w==",
      "funding": {
        "url": "https://sweetalert2.github.io/#donations"
      }
    }
  },
  "dependencies": {
    "sweetalert2": {
      "version": "11.3.2",
      "resolved": "https://registry.npmjs.org/sweetalert2/-/sweetalert2-11.3.2.tgz",
      "integrity": "sha512-V2JjWX/WHIZKJwirFrH9bFCHUaQlOGPHtciLWmX8sbrnJwLwQXTReJt1a4g+0YERbfjl5aSR+Vvmj6yNPNXZ5w=="
    }
  }
}
